{
  "nodes": {
    "home-manager": {
      "inputs": {
        "nixpkgs": [
          "nixpkgs"
        ]
      },
      "locked": {
        "lastModified": 1790021793,
        "narHash": "sha256-wXAdaLBAjbQK/OfESV/i0pgolkz+Uo4SbBP/MbfGLHU=",
        "owner": "nix-community",
        "repo": "home-manager",
        "rev": "a3dfb887d40d134af29fa8e924ba85a3e3a99194",
        "type": "github"
      },
      "original": {
        "owner": "nix-community",
        "ref": "master",
        "repo": "home-manager",
        "type": "github"
      }
    },
    "nixpkgs": {
      "locked": {
        "lastModified": 1789844176,
        "narHash": "sha256-COQmpo4lFIzMgUjr3ntDpjH0NwrCnf7N0uhR+6WPGP8=",
        "owner": "nixos",
        "repo": "nixpkgs",
        "rev": "79b35bf0bda5cd110f856aa5b5b2c5ba4460dbf5",
        "type": "github"
      },
      "original": {
        "owner": "nixos",
        "ref": "nixpkgs-unstable",
        "repo": "nixpkgs",
        "type": "github"
      }
    },
    "root": {
      "inputs": {
        "home-manager": "home-manager",
        "nixpkgs": "nixpkgs"
      }
    }
  },
  "root": "root",
  "version": 7
}
